// !$*UTF8*$!
{
	archiveVersion = 1;
	classes = {
	};
	objectVersion = 55;
	objects = {

/* Begin PBXBuildFile section */
		EC9508EA272BE884002CCDD2 /* GaspipaApp.swift in Sources */ = {isa = PBXBuildFile; fileRef = EC9508DA272BE882002CCDD2 /* GaspipaApp.swift */; };
		EC9508EB272BE884002CCDD2 /* GaspipaApp.swift in Sources */ = {isa = PBXBuildFile; fileRef = EC9508DA272BE882002CCDD2 /* GaspipaApp.swift */; };
		EC9508EC272BE884002CCDD2 /* ContentView.swift in Sources */ = {isa = PBXBuildFile; fileRef = EC9508DB272BE882002CCDD2 /* ContentView.swift */; };
		EC9508ED272BE884002CCDD2 /* ContentView.swift in Sources */ = {isa = PBXBuildFile; fileRef = EC9508DB272BE882002CCDD2 /* ContentView.swift */; };
		EC9508EE272BE884002CCDD2 /* Assets.xcassets in Resources */ = {isa = PBXBuildFile; fileRef = EC9508DC272BE884002CCDD2 /* Assets.xcassets */; };
		EC9508EF272BE884002CCDD2 /* Assets.xcassets in Resources */ = {isa = PBXBuildFile; fileRef = EC9508DC272BE884002CCDD2 /* Assets.xcassets */; };
		EC9508FA272BEB7F002CCDD2 /* Ingredient.swift in Sources */ = {isa = PBXBuildFile; fileRef = EC9508F9272BEB7F002CCDD2 /* Ingredient.swift */; };
		EC9508FB272BEB7F002CCDD2 /* Ingredient.swift in Sources */ = {isa = PBXBuildFile; fileRef = EC9508F9272BEB7F002CCDD2 /* Ingredient.swift */; };
		EC9508FD272BEDE3002CCDD2 /* Recette.swift in Sources */ = {isa = PBXBuildFile; fileRef = EC9508FC272BEDE3002CCDD2 /* Recette.swift */; };
		EC9508FE272BEDE3002CCDD2 /* Recette.swift in Sources */ = {isa = PBXBuildFile; fileRef = EC9508FC272BEDE3002CCDD2 /* Recette.swift */; };
		EC950900272BFC07002CCDD2 /* Etape.swift in Sources */ = {isa = PBXBuildFile; fileRef = EC9508FF272BFC07002CCDD2 /* Etape.swift */; };
		EC950901272BFC07002CCDD2 /* Etape.swift in Sources */ = {isa = PBXBuildFile; fileRef = EC9508FF272BFC07002CCDD2 /* Etape.swift */; };
		EC950903272BFF64002CCDD2 /* Aliment.swift in Sources */ = {isa = PBXBuildFile; fileRef = EC950902272BFF64002CCDD2 /* Aliment.swift */; };
		EC950904272BFF64002CCDD2 /* Aliment.swift in Sources */ = {isa = PBXBuildFile; fileRef = EC950902272BFF64002CCDD2 /* Aliment.swift */; };
		EC950906272BFFF3002CCDD2 /* Refrigerateur.swift in Sources */ = {isa = PBXBuildFile; fileRef = EC950905272BFFF3002CCDD2 /* Refrigerateur.swift */; };
		EC950907272BFFF3002CCDD2 /* Refrigerateur.swift in Sources */ = {isa = PBXBuildFile; fileRef = EC950905272BFFF3002CCDD2 /* Refrigerateur.swift */; };
		EC95090A272C0221002CCDD2 /* RefrigerateurView.swift in Sources */ = {isa = PBXBuildFile; fileRef = EC950909272C0221002CCDD2 /* RefrigerateurView.swift */; };
		EC95090B272C0221002CCDD2 /* RefrigerateurView.swift in Sources */ = {isa = PBXBuildFile; fileRef = EC950909272C0221002CCDD2 /* RefrigerateurView.swift */; };
		EC95090D272C2C2A002CCDD2 /* MenuView.swift in Sources */ = {isa = PBXBuildFile; fileRef = EC95090C272C2C2A002CCDD2 /* MenuView.swift */; };
		EC95090E272C2C2A002CCDD2 /* MenuView.swift in Sources */ = {isa = PBXBuildFile; fileRef = EC95090C272C2C2A002CCDD2 /* MenuView.swift */; };
		ECB1A01A2747A22500895239 /* recettes.json in Resources */ = {isa = PBXBuildFile; fileRef = ECB1A0192747A22400895239 /* recettes.json */; };
		ECB1A01B2747A22500895239 /* recettes.json in Resources */ = {isa = PBXBuildFile; fileRef = ECB1A0192747A22400895239 /* recettes.json */; };
		ECB1A01D2747ABC400895239 /* Quantité.swift in Sources */ = {isa = PBXBuildFile; fileRef = ECB1A01C2747ABC400895239 /* Quantité.swift */; };
		ECB1A01E2747ABC400895239 /* Quantité.swift in Sources */ = {isa = PBXBuildFile; fileRef = ECB1A01C2747ABC400895239 /* Quantité.swift */; };
		ECB1A0202747BC0300895239 /* AddAlimentView.swift in Sources */ = {isa = PBXBuildFile; fileRef = ECB1A01F2747BC0300895239 /* AddAlimentView.swift */; };
		ECB1A0212747BC0300895239 /* AddAlimentView.swift in Sources */ = {isa = PBXBuildFile; fileRef = ECB1A01F2747BC0300895239 /* AddAlimentView.swift */; };
/* End PBXBuildFile section */

/* Begin PBXFileReference section */
		EC9508DA272BE882002CCDD2 /* GaspipaApp.swift */ = {isa = PBXFileReference; lastKnownFileType = sourcecode.swift; path = GaspipaApp.swift; sourceTree = "<group>"; };
		EC9508DB272BE882002CCDD2 /* ContentView.swift */ = {isa = PBXFileReference; lastKnownFileType = sourcecode.swift; path = ContentView.swift; sourceTree = "<group>"; };
		EC9508DC272BE884002CCDD2 /* Assets.xcassets */ = {isa = PBXFileReference; lastKnownFileType = folder.assetcatalog; path = Assets.xcassets; sourceTree = "<group>"; };
		EC9508E1272BE884002CCDD2 /* Gaspipa.app */ = {isa = PBXFileReference; explicitFileType = wrapper.application; includeInIndex = 0; path = Gaspipa.app; sourceTree = BUILT_PRODUCTS_DIR; };
		EC9508E7272BE884002CCDD2 /* Gaspipa.app */ = {isa = PBXFileReference; explicitFileType = wrapper.application; includeInIndex = 0; path = Gaspipa.app; sourceTree = BUILT_PRODUCTS_DIR; };
		EC9508E9272BE884002CCDD2 /* macOS.entitlements */ = {isa = PBXFileReference; lastKnownFileType = text.plist.entitlements; path = macOS.entitlements; sourceTree = "<group>"; };
		EC9508F9272BEB7F002CCDD2 /* Ingredient.swift */ = {isa = PBXFileReference; lastKnownFileType = sourcecode.swift; path = Ingredient.swift; sourceTree = "<group>"; };
		EC9508FC272BEDE3002CCDD2 /* Recette.swift */ = {isa = PBXFileReference; lastKnownFileType = sourcecode.swift; path = Recette.swift; sourceTree = "<group>"; };
		EC9508FF272BFC07002CCDD2 /* Etape.swift */ = {isa = PBXFileReference; lastKnownFileType = sourcecode.swift; path = Etape.swift; sourceTree = "<group>"; };
		EC950902272BFF64002CCDD2 /* Aliment.swift */ = {isa = PBXFileReference; lastKnownFileType = sourcecode.swift; path = Aliment.swift; sourceTree = "<group>"; };
		EC950905272BFFF3002CCDD2 /* Refrigerateur.swift */ = {isa = PBXFileReference; lastKnownFileType = sourcecode.swift; path = Refrigerateur.swift; sourceTree = "<group>"; };
		EC950909272C0221002CCDD2 /* RefrigerateurView.swift */ = {isa = PBXFileReference; lastKnownFileType = sourcecode.swift; path = RefrigerateurView.swift; sourceTree = "<group>"; };
		EC95090C272C2C2A002CCDD2 /* MenuView.swift */ = {isa = PBXFileReference; lastKnownFileType = sourcecode.swift; path = MenuView.swift; sourceTree = "<group>"; };
		ECB1A0192747A22400895239 /* recettes.json */ = {isa = PBXFileReference; lastKnownFileType = text.json; path = recettes.json; sourceTree = "<group>"; };
		ECB1A01C2747ABC400895239 /* Quantité.swift */ = {isa = PBXFileReference; lastKnownFileType = sourcecode.swift; path = "Quantité.swift"; sourceTree = "<group>"; };
		ECB1A01F2747BC0300895239 /* AddAlimentView.swift */ = {isa = PBXFileReference; lastKnownFileType = sourcecode.swift; path = AddAlimentView.swift; sourceTree = "<group>"; };
/* End PBXFileReference section */

/* Begin PBXFrameworksBuildPhase section */
		EC9508DE272BE884002CCDD2 /* Frameworks */ = {
			isa = PBXFrameworksBuildPhase;
			buildActionMask = 2147483647;
			files = (
			);
			runOnlyForDeploymentPostprocessing = 0;
		};
		EC9508E4272BE884002CCDD2 /* Frameworks */ = {
			isa = PBXFrameworksBuildPhase;
			buildActionMask = 2147483647;
			files = (
			);
			runOnlyForDeploymentPostprocessing = 0;
		};
/* End PBXFrameworksBuildPhase section */

/* Begin PBXGroup section */
		EC9508D4272BE882002CCDD2 = {
			isa = PBXGroup;
			children = (
				EC9508D9272BE882002CCDD2 /* Shared */,
				EC9508E8272BE884002CCDD2 /* macOS */,
				EC9508E2272BE884002CCDD2 /* Products */,
			);
			sourceTree = "<group>";
		};
		EC9508D9272BE882002CCDD2 /* Shared */ = {
			isa = PBXGroup;
			children = (
				ECB1A0182747A1AE00895239 /* resources */,
				EC950908272C01EA002CCDD2 /* views */,
				EC9508F8272BEB00002CCDD2 /* model */,
				EC9508DA272BE882002CCDD2 /* GaspipaApp.swift */,
				EC9508DB272BE882002CCDD2 /* ContentView.swift */,
				EC9508DC272BE884002CCDD2 /* Assets.xcassets */,
			);
			path = Shared;
			sourceTree = "<group>";
		};
		EC9508E2272BE884002CCDD2 /* Products */ = {
			isa = PBXGroup;
			children = (
				EC9508E1272BE884002CCDD2 /* Gaspipa.app */,
				EC9508E7272BE884002CCDD2 /* Gaspipa.app */,
			);
			name = Products;
			sourceTree = "<group>";
		};
		EC9508E8272BE884002CCDD2 /* macOS */ = {
			isa = PBXGroup;
			children = (
				EC9508E9272BE884002CCDD2 /* macOS.entitlements */,
			);
			path = macOS;
			sourceTree = "<group>";
		};
		EC9508F8272BEB00002CCDD2 /* model */ = {
			isa = PBXGroup;
			children = (
				EC9508F9272BEB7F002CCDD2 /* Ingredient.swift */,
				EC9508FC272BEDE3002CCDD2 /* Recette.swift */,
				EC9508FF272BFC07002CCDD2 /* Etape.swift */,
				EC950902272BFF64002CCDD2 /* Aliment.swift */,
				EC950905272BFFF3002CCDD2 /* Refrigerateur.swift */,
				ECB1A01C2747ABC400895239 /* Quantité.swift */,
			);
			path = model;
			sourceTree = "<group>";
		};
		EC950908272C01EA002CCDD2 /* views */ = {
			isa = PBXGroup;
			children = (
				EC950909272C0221002CCDD2 /* RefrigerateurView.swift */,
				EC95090C272C2C2A002CCDD2 /* MenuView.swift */,
				ECB1A01F2747BC0300895239 /* AddAlimentView.swift */,
			);
			path = views;
			sourceTree = "<group>";
		};
		ECB1A0182747A1AE00895239 /* resources */ = {
			isa = PBXGroup;
			children = (
				ECB1A0192747A22400895239 /* recettes.json */,
			);
			path = resources;
			sourceTree = "<group>";
		};
/* End PBXGroup section */

/* Begin PBXNativeTarget section */
		EC9508E0272BE884002CCDD2 /* Gaspipa (iOS) */ = {
			isa = PBXNativeTarget;
			buildConfigurationList = EC9508F2272BE884002CCDD2 /* Build configuration list for PBXNativeTarget "Gaspipa (iOS)" */;
			buildPhases = (
				EC9508DD272BE884002CCDD2 /* Sources */,
				EC9508DE272BE884002CCDD2 /* Frameworks */,
				EC9508DF272BE884002CCDD2 /* Resources */,
			);
			buildRules = (
			);
			dependencies = (
			);
			name = "Gaspipa (iOS)";
			productName = "Gaspipa (iOS)";
			productReference = EC9508E1272BE884002CCDD2 /* Gaspipa.app */;
			productType = "com.apple.product-type.application";
		};
		EC9508E6272BE884002CCDD2 /* Gaspipa (macOS) */ = {
			isa = PBXNativeTarget;
			buildConfigurationList = EC9508F5272BE884002CCDD2 /* Build configuration list for PBXNativeTarget "Gaspipa (macOS)" */;
			buildPhases = (
				EC9508E3272BE884002CCDD2 /* Sources */,
				EC9508E4272BE884002CCDD2 /* Frameworks */,
				EC9508E5272BE884002CCDD2 /* Resources */,
			);
			buildRules = (
			);
			dependencies = (
			);
			name = "Gaspipa (macOS)";
			productName = "Gaspipa (macOS)";
			productReference = EC9508E7272BE884002CCDD2 /* Gaspipa.app */;
			productType = "com.apple.product-type.application";
		};
/* End PBXNativeTarget section */

/* Begin PBXProject section */
		EC9508D5272BE882002CCDD2 /* Project object */ = {
			isa = PBXProject;
			attributes = {
				BuildIndependentTargetsInParallel = 1;
				LastSwiftUpdateCheck = 1310;
				LastUpgradeCheck = 1310;
				TargetAttributes = {
					EC9508E0272BE884002CCDD2 = {
						CreatedOnToolsVersion = 13.1;
					};
					EC9508E6272BE884002CCDD2 = {
						CreatedOnToolsVersion = 13.1;
					};
				};
			};
			buildConfigurationList = EC9508D8272BE882002CCDD2 /* Build configuration list for PBXProject "Gaspipa" */;
			compatibilityVersion = "Xcode 13.0";
			developmentRegion = en;
			hasScannedForEncodings = 0;
			knownRegions = (
				en,
				Base,
			);
			mainGroup = EC9508D4272BE882002CCDD2;
			productRefGroup = EC9508E2272BE884002CCDD2 /* Products */;
			projectDirPath = "";
			projectRoot = "";
			targets = (
				EC9508E0272BE884002CCDD2 /* Gaspipa (iOS) */,
				EC9508E6272BE884002CCDD2 /* Gaspipa (macOS) */,
			);
		};
/* End PBXProject section */

/* Begin PBXResourcesBuildPhase section */
		EC9508DF272BE884002CCDD2 /* Resources */ = {
			isa = PBXResourcesBuildPhase;
			buildActionMask = 2147483647;
			files = (
				ECB1A01A2747A22500895239 /* recettes.json in Resources */,
				EC9508EE272BE884002CCDD2 /* Assets.xcassets in Resources */,
			);
			runOnlyForDeploymentPostprocessing = 0;
		};
		EC9508E5272BE884002CCDD2 /* Resources */ = {
			isa = PBXResourcesBuildPhase;
			buildActionMask = 2147483647;
			files = (
				ECB1A01B2747A22500895239 /* recettes.json in Resources */,
				EC9508EF272BE884002CCDD2 /* Assets.xcassets in Resources */,
			);
			runOnlyForDeploymentPostprocessing = 0;
		};
/* End PBXResourcesBuildPhase section */

/* Begin PBXSourcesBuildPhase section */
		EC9508DD272BE884002CCDD2 /* Sources */ = {
			isa = PBXSourcesBuildPhase;
			buildActionMask = 2147483647;
			files = (
				EC950903272BFF64002CCDD2 /* Aliment.swift in Sources */,
				EC950906272BFFF3002CCDD2 /* Refrigerateur.swift in Sources */,
				EC95090A272C0221002CCDD2 /* RefrigerateurView.swift in Sources */,
				EC9508FD272BEDE3002CCDD2 /* Recette.swift in Sources */,
				ECB1A01D2747ABC400895239 /* Quantité.swift in Sources */,
				EC95090D272C2C2A002CCDD2 /* MenuView.swift in Sources */,
				EC9508EC272BE884002CCDD2 /* ContentView.swift in Sources */,
				ECB1A0202747BC0300895239 /* AddAlimentView.swift in Sources */,
				EC9508EA272BE884002CCDD2 /* GaspipaApp.swift in Sources */,
				EC950900272BFC07002CCDD2 /* Etape.swift in Sources */,
				EC9508FA272BEB7F002CCDD2 /* Ingredient.swift in Sources */,
			);
			runOnlyForDeploymentPostprocessing = 0;
		};
		EC9508E3272BE884002CCDD2 /* Sources */ = {
			isa = PBXSourcesBuildPhase;
			buildActionMask = 2147483647;
			files = (
				EC950904272BFF64002CCDD2 /* Aliment.swift in Sources */,
				EC950907272BFFF3002CCDD2 /* Refrigerateur.swift in Sources */,
				EC95090B272C0221002CCDD2 /* RefrigerateurView.swift in Sources */,
				EC9508FE272BEDE3002CCDD2 /* Recette.swift in Sources */,
				ECB1A01E2747ABC400895239 /* Quantité.swift in Sources */,
				EC95090E272C2C2A002CCDD2 /* MenuView.swift in Sources */,
				EC9508ED272BE884002CCDD2 /* ContentView.swift in Sources */,
				ECB1A0212747BC0300895239 /* AddAlimentView.swift in Sources */,
				EC9508EB272BE884002CCDD2 /* GaspipaApp.swift in Sources */,
				EC950901272BFC07002CCDD2 /* Etape.swift in Sources */,
				EC9508FB272BEB7F002CCDD2 /* Ingredient.swift in Sources */,
			);
			runOnlyForDeploymentPostprocessing = 0;
		};
/* End PBXSourcesBuildPhase section */

/* Begin XCBuildConfiguration section */
		EC9508F0272BE884002CCDD2 /* Debug */ = {
			isa = XCBuildConfiguration;
			buildSettings = {
				ALWAYS_SEARCH_USER_PATHS = NO;
				CLANG_ANALYZER_NONNULL = YES;
				CLANG_ANALYZER_NUMBER_OBJECT_CONVERSION = YES_AGGRESSIVE;
				CLANG_CXX_LANGUAGE_STANDARD = "gnu++17";
				CLANG_CXX_LIBRARY = "libc++";
				CLANG_ENABLE_MODULES = YES;
				CLANG_ENABLE_OBJC_ARC = YES;
				CLANG_ENABLE_OBJC_WEAK = YES;
				CLANG_WARN_BLOCK_CAPTURE_AUTORELEASING = YES;
				CLANG_WARN_BOOL_CONVERSION = YES;
				CLANG_WARN_COMMA = YES;
				CLANG_WARN_CONSTANT_CONVERSION = YES;
				CLANG_WARN_DEPRECATED_OBJC_IMPLEMENTATIONS = YES;
				CLANG_WARN_DIRECT_OBJC_ISA_USAGE = YES_ERROR;
				CLANG_WARN_DOCUMENTATION_COMMENTS = YES;
				CLANG_WARN_EMPTY_BODY = YES;
				CLANG_WARN_ENUM_CONVERSION = YES;
				CLANG_WARN_INFINITE_RECURSION = YES;
				CLANG_WARN_INT_CONVERSION = YES;
				CLANG_WARN_NON_LITERAL_NULL_CONVERSION = YES;
				CLANG_WARN_OBJC_IMPLICIT_RETAIN_SELF = YES;
				CLANG_WARN_OBJC_LITERAL_CONVERSION = YES;
				CLANG_WARN_OBJC_ROOT_CLASS = YES_ERROR;
				CLANG_WARN_QUOTED_INCLUDE_IN_FRAMEWORK_HEADER = YES;
				CLANG_WARN_RANGE_LOOP_ANALYSIS = YES;
				CLANG_WARN_STRICT_PROTOTYPES = YES;
				CLANG_WARN_SUSPICIOUS_MOVE = YES;
				CLANG_WARN_UNGUARDED_AVAILABILITY = YES_AGGRESSIVE;
				CLANG_WARN_UNREACHABLE_CODE = YES;
				CLANG_WARN__DUPLICATE_METHOD_MATCH = YES;
				COPY_PHASE_STRIP = NO;
				DEBUG_INFORMATION_FORMAT = dwarf;
				ENABLE_STRICT_OBJC_MSGSEND = YES;
				ENABLE_TESTABILITY = YES;
				GCC_C_LANGUAGE_STANDARD = gnu11;
				GCC_DYNAMIC_NO_PIC = NO;
				GCC_NO_COMMON_BLOCKS = YES;
				GCC_OPTIMIZATION_LEVEL = 0;
				GCC_PREPROCESSOR_DEFINITIONS = (
					"DEBUG=1",
					"$(inherited)",
				);
				GCC_WARN_64_TO_32_BIT_CONVERSION = YES;
				GCC_WARN_ABOUT_RETURN_TYPE = YES_ERROR;
				GCC_WARN_UNDECLARED_SELECTOR = YES;
				GCC_WARN_UNINITIALIZED_AUTOS = YES_AGGRESSIVE;
				GCC_WARN_UNUSED_FUNCTION = YES;
				GCC_WARN_UNUSED_VARIABLE = YES;
				MTL_ENABLE_DEBUG_INFO = INCLUDE_SOURCE;
				MTL_FAST_MATH = YES;
				ONLY_ACTIVE_ARCH = YES;
				SWIFT_ACTIVE_COMPILATION_CONDITIONS = DEBUG;
				SWIFT_OPTIMIZATION_LEVEL = "-Onone";
			};
			name = Debug;
		};
		EC9508F1272BE884002CCDD2 /* Release */ = {
			isa = XCBuildConfiguration;
			buildSettings = {
				ALWAYS_SEARCH_USER_PATHS = NO;
				CLANG_ANALYZER_NONNULL = YES;
				CLANG_ANALYZER_NUMBER_OBJECT_CONVERSION = YES_AGGRESSIVE;
				CLANG_CXX_LANGUAGE_STANDARD = "gnu++17";
				CLANG_CXX_LIBRARY = "libc++";
				CLANG_ENABLE_MODULES = YES;
				CLANG_ENABLE_OBJC_ARC = YES;
				CLANG_ENABLE_OBJC_WEAK = YES;
				CLANG_WARN_BLOCK_CAPTURE_AUTORELEASING = YES;
				CLANG_WARN_BOOL_CONVERSION = YES;
				CLANG_WARN_COMMA = YES;
				CLANG_WARN_CONSTANT_CONVERSION = YES;
				CLANG_WARN_DEPRECATED_OBJC_IMPLEMENTATIONS = YES;
				CLANG_WARN_DIRECT_OBJC_ISA_USAGE = YES_ERROR;
				CLANG_WARN_DOCUMENTATION_COMMENTS = YES;
				CLANG_WARN_EMPTY_BODY = YES;
				CLANG_WARN_ENUM_CONVERSION = YES;
				CLANG_WARN_INFINITE_RECURSION = YES;
				CLANG_WARN_INT_CONVERSION = YES;
				CLANG_WARN_NON_LITERAL_NULL_CONVERSION = YES;
				CLANG_WARN_OBJC_IMPLICIT_RETAIN_SELF = YES;
				CLANG_WARN_OBJC_LITERAL_CONVERSION = YES;
				CLANG_WARN_OBJC_ROOT_CLASS = YES_ERROR;
				CLANG_WARN_QUOTED_INCLUDE_IN_FRAMEWORK_HEADER = YES;
				CLANG_WARN_RANGE_LOOP_ANALYSIS = YES;
				CLANG_WARN_STRICT_PROTOTYPES = YES;
				CLANG_WARN_SUSPICIOUS_MOVE = YES;
				CLANG_WARN_UNGUARDED_AVAILABILITY = YES_AGGRESSIVE;
				CLANG_WARN_UNREACHABLE_CODE = YES;
				CLANG_WARN__DUPLICATE_METHOD_MATCH = YES;
				COPY_PHASE_STRIP = NO;
				DEBUG_INFORMATION_FORMAT = "dwarf-with-dsym";
				ENABLE_NS_ASSERTIONS = NO;
				ENABLE_STRICT_OBJC_MSGSEND = YES;
				GCC_C_LANGUAGE_STANDARD = gnu11;
				GCC_NO_COMMON_BLOCKS = YES;
				GCC_WARN_64_TO_32_BIT_CONVERSION = YES;
				GCC_WARN_ABOUT_RETURN_TYPE = YES_ERROR;
				GCC_WARN_UNDECLARED_SELECTOR = YES;
				GCC_WARN_UNINITIALIZED_AUTOS = YES_AGGRESSIVE;
				GCC_WARN_UNUSED_FUNCTION = YES;
				GCC_WARN_UNUSED_VARIABLE = YES;
				MTL_ENABLE_DEBUG_INFO = NO;
				MTL_FAST_MATH = YES;
				SWIFT_COMPILATION_MODE = wholemodule;
				SWIFT_OPTIMIZATION_LEVEL = "-O";
			};
			name = Release;
		};
		EC9508F3272BE884002CCDD2 /* Debug */ = {
			isa = XCBuildConfiguration;
			buildSettings = {
				ASSETCATALOG_COMPILER_APPICON_NAME = AppIcon;
				ASSETCATALOG_COMPILER_GLOBAL_ACCENT_COLOR_NAME = AccentColor;
				CODE_SIGN_STYLE = Automatic;
				CURRENT_PROJECT_VERSION = 1;
				ENABLE_PREVIEWS = YES;
				GENERATE_INFOPLIST_FILE = YES;
				INFOPLIST_KEY_UIApplicationSceneManifest_Generation = YES;
				INFOPLIST_KEY_UIApplicationSupportsIndirectInputEvents = YES;
				INFOPLIST_KEY_UILaunchScreen_Generation = YES;
				INFOPLIST_KEY_UISupportedInterfaceOrientations_iPad = "UIInterfaceOrientationPortrait UIInterfaceOrientationPortraitUpsideDown UIInterfaceOrientationLandscapeLeft UIInterfaceOrientationLandscapeRight";
				INFOPLIST_KEY_UISupportedInterfaceOrientations_iPhone = "UIInterfaceOrientationPortrait UIInterfaceOrientationLandscapeLeft UIInterfaceOrientationLandscapeRight";
				IPHONEOS_DEPLOYMENT_TARGET = 15.0;
				LD_RUNPATH_SEARCH_PATHS = (
					"$(inherited)",
					"@executable_path/Frameworks",
				);
				MARKETING_VERSION = 1.0;
				PRODUCT_BUNDLE_IDENTIFIER = com.esgi.Gaspipa;
				PRODUCT_NAME = Gaspipa;
				SDKROOT = iphoneos;
				SWIFT_EMIT_LOC_STRINGS = YES;
				SWIFT_VERSION = 5.0;
				TARGETED_DEVICE_FAMILY = "1,2";
			};
			name = Debug;
		};
		EC9508F4272BE884002CCDD2 /* Release */ = {
			isa = XCBuildConfiguration;
			buildSettings = {
				ASSETCATALOG_COMPILER_APPICON_NAME = AppIcon;
				ASSETCATALOG_COMPILER_GLOBAL_ACCENT_COLOR_NAME = AccentColor;
				CODE_SIGN_STYLE = Automatic;
				CURRENT_PROJECT_VERSION = 1;
				ENABLE_PREVIEWS = YES;
				GENERATE_INFOPLIST_FILE = YES;
				INFOPLIST_KEY_UIApplicationSceneManifest_Generation = YES;
				INFOPLIST_KEY_UIApplicationSupportsIndirectInputEvents = YES;
				INFOPLIST_KEY_UILaunchScreen_Generation = YES;
				INFOPLIST_KEY_UISupportedInterfaceOrientations_iPad = "UIInterfaceOrientationPortrait UIInterfaceOrientationPortraitUpsideDown UIInterfaceOrientationLandscapeLeft UIInterfaceOrientationLandscapeRight";
				INFOPLIST_KEY_UISupportedInterfaceOrientations_iPhone = "UIInterfaceOrientationPortrait UIInterfaceOrientationLandscapeLeft UIInterfaceOrientationLandscapeRight";
				IPHONEOS_DEPLOYMENT_TARGET = 15.0;
				LD_RUNPATH_SEARCH_PATHS = (
					"$(inherited)",
					"@executable_path/Frameworks",
				);
				MARKETING_VERSION = 1.0;
				PRODUCT_BUNDLE_IDENTIFIER = com.esgi.Gaspipa;
				PRODUCT_NAME = Gaspipa;
				SDKROOT = iphoneos;
				SWIFT_EMIT_LOC_STRINGS = YES;
				SWIFT_VERSION = 5.0;
				TARGETED_DEVICE_FAMILY = "1,2";
				VALIDATE_PRODUCT = YES;
			};
			name = Release;
		};
		EC9508F6272BE884002CCDD2 /* Debug */ = {
			isa = XCBuildConfiguration;
			buildSettings = {
				ASSETCATALOG_COMPILER_APPICON_NAME = AppIcon;
				ASSETCATALOG_COMPILER_GLOBAL_ACCENT_COLOR_NAME = AccentColor;
				CODE_SIGN_ENTITLEMENTS = macOS/macOS.entitlements;
				CODE_SIGN_STYLE = Automatic;
				COMBINE_HIDPI_IMAGES = YES;
				CURRENT_PROJECT_VERSION = 1;
				ENABLE_PREVIEWS = YES;
				GENERATE_INFOPLIST_FILE = YES;
				INFOPLIST_KEY_NSHumanReadableCopyright = "";
				LD_RUNPATH_SEARCH_PATHS = (
					"$(inherited)",
					"@executable_path/../Frameworks",
				);
				MACOSX_DEPLOYMENT_TARGET = 11.6;
				MARKETING_VERSION = 1.0;
				PRODUCT_BUNDLE_IDENTIFIER = com.esgi.Gaspipa;
				PRODUCT_NAME = Gaspipa;
				SDKROOT = macosx;
				SWIFT_EMIT_LOC_STRINGS = YES;
				SWIFT_VERSION = 5.0;
			};
			name = Debug;
		};
		EC9508F7272BE884002CCDD2 /* Release */ = {
			isa = XCBuildConfiguration;
			buildSettings = {
				ASSETCATALOG_COMPILER_APPICON_NAME = AppIcon;
				ASSETCATALOG_COMPILER_GLOBAL_ACCENT_COLOR_NAME = AccentColor;
				CODE_SIGN_ENTITLEMENTS = macOS/macOS.entitlements;
				CODE_SIGN_STYLE = Automatic;
				COMBINE_HIDPI_IMAGES = YES;
				CURRENT_PROJECT_VERSION = 1;
				ENABLE_PREVIEWS = YES;
				GENERATE_INFOPLIST_FILE = YES;
				INFOPLIST_KEY_NSHumanReadableCopyright = "";
				LD_RUNPATH_SEARCH_PATHS = (
					"$(inherited)",
					"@executable_path/../Frameworks",
				);
				MACOSX_DEPLOYMENT_TARGET = 11.6;
				MARKETING_VERSION = 1.0;
				PRODUCT_BUNDLE_IDENTIFIER = com.esgi.Gaspipa;
				PRODUCT_NAME = Gaspipa;
				SDKROOT = macosx;
				SWIFT_EMIT_LOC_STRINGS = YES;
				SWIFT_VERSION = 5.0;
			};
			name = Release;
		};
/* End XCBuildConfiguration section */

/* Begin XCConfigurationList section */
		EC9508D8272BE882002CCDD2 /* Build configuration list for PBXProject "Gaspipa" */ = {
			isa = XCConfigurationList;
			buildConfigurations = (
				EC9508F0272BE884002CCDD2 /* Debug */,
				EC9508F1272BE884002CCDD2 /* Release */,
			);
			defaultConfigurationIsVisible = 0;
			defaultConfigurationName = Release;
		};
		EC9508F2272BE884002CCDD2 /* Build configuration list for PBXNativeTarget "Gaspipa (iOS)" */ = {
			isa = XCConfigurationList;
			buildConfigurations = (
				EC9508F3272BE884002CCDD2 /* Debug */,
				EC9508F4272BE884002CCDD2 /* Release */,
			);
			defaultConfigurationIsVisible = 0;
			defaultConfigurationName = Release;
		};
		EC9508F5272BE884002CCDD2 /* Build configuration list for PBXNativeTarget "Gaspipa (macOS)" */ = {
			isa = XCConfigurationList;
			buildConfigurations = (
				EC9508F6272BE884002CCDD2 /* Debug */,
				EC9508F7272BE884002CCDD2 /* Release */,
			);
			defaultConfigurationIsVisible = 0;
			defaultConfigurationName = Release;
		};
/* End XCConfigurationList section */
	};
	rootObject = EC9508D5272BE882002CCDD2 /* Project object */;
}
